github.com/advanced-go/search v0.0.0-20240423141518-90cf5c9f8586 h1:9KhqWmX7r5x6lqlx7xHg0G3YdXBPph+aW9h1kSGRfbE=
github.com/advanced-go/search v0.0.0-20240423141518-90cf5c9f8586/go.mod h1:jMETYCh/km3kBTqfvRThTXQlK1CfJJM4f1xUC0If2Vc=
github.com/advanced-go/stdlib v0.0.0-20240423133031-ee722cc9898a h1:fQZPrxh2siFd3OFUBsmP2Bzax6WlQTJCrQo1kDrX/es=
github.com/advanced-go/stdlib v0.0.0-20240423133031-ee722cc9898a/go.mod h1:bvuWc7Tx57LArgrEvbPxKW4hvIYGS3pw7iG4P6xofoQ=
github.com/google/uuid v1.6.0 h1:NIvaJDMOsjHA8n1jAhLSgzrAzy1Hgr+hNrb57e+94F0=
github.com/google/uuid v1.6.0/go.mod h1:TIyPZe4MgqvfeYDBFedMoGGpEw/LqOeaOT+nhxU+yHo=
