github.com/advanced-go/core v0.0.0-20240329120524-c207ad5febb2 h1:l93lVTRy/r9UDyriNz3B+YCFr3WmHIhoAXarlfetg7M=
github.com/advanced-go/core v0.0.0-20240329120524-c207ad5febb2/go.mod h1:p58Ll2RUpEOeraoKxazyJpiPkWZelINYxxkcwCtwjUE=
github.com/advanced-go/core v0.0.0-20240329122404-1da1fe199b7a h1:6tdGWSB+ebncpOoFm7vWcGuLfQTjCAFYJoQKAHUKJVU=
github.com/advanced-go/core v0.0.0-20240329122404-1da1fe199b7a/go.mod h1:p58Ll2RUpEOeraoKxazyJpiPkWZelINYxxkcwCtwjUE=
github.com/advanced-go/core v0.0.0-20240329132019-45946e166550 h1:zYQWDSDINPf3jsqp/0JLDmOJSpvzi8A8vZFD6/ckIBA=
github.com/advanced-go/core v0.0.0-20240329132019-45946e166550/go.mod h1:p58Ll2RUpEOeraoKxazyJpiPkWZelINYxxkcwCtwjUE=
github.com/advanced-go/core v0.0.0-20240402175857-90495abdae54 h1:bRmDw+/TPa1iRqZTML+WxiP6ebfD+/xCQ3LJ2lEJcXA=
github.com/advanced-go/core v0.0.0-20240402175857-90495abdae54/go.mod h1:p58Ll2RUpEOeraoKxazyJpiPkWZelINYxxkcwCtwjUE=
github.com/advanced-go/search v0.0.0-20240328130434-a1486a817a62 h1:upDHLYZHWJ8Q2ET9M8VNxFi3bmYXmuEtj/mi5PcXO9c=
github.com/advanced-go/search v0.0.0-20240328130434-a1486a817a62/go.mod h1:F8x7+WsgcKCBuQuLvk7RfEFX7LnToRv6MNMoZZA3bTE=
github.com/advanced-go/search v0.0.0-20240329114045-c2fa1790dce2 h1:a1gQZcvzSCSrXF+mOw+7TDe3ayPgB0WyVVnHPg4+ItM=
github.com/advanced-go/search v0.0.0-20240329114045-c2fa1790dce2/go.mod h1:MIlQ3tMhlTv8zTs+cd3/K5NbUl5wyEfGHNs7eMSV22Y=
github.com/advanced-go/search v0.0.0-20240329125807-f6d292d284c8 h1:g2mMvPnTGz5BkBQZijQioHrJG3Stb2R9Uw6Db+DCwjI=
github.com/advanced-go/search v0.0.0-20240329125807-f6d292d284c8/go.mod h1:BDJwxEnJruy5lVwKpEMdFk1tS9lqCBsrvLDYwYZudEY=
github.com/advanced-go/search v0.0.0-20240402182409-da8cc052d9c7 h1:rwVF2RV2TeuuQZ+GkOMmU4tlb9Fw/Tna2+7cZ68V/rc=
github.com/advanced-go/search v0.0.0-20240402182409-da8cc052d9c7/go.mod h1:Y6QloYXJKITz7AolPFGagcB45DOJ6IiNp1phlOgZ7q8=
github.com/google/uuid v1.4.0 h1:MtMxsa51/r9yyhkyLsVeVt0B+BGQZzpQiTQ4eHZ8bc4=
github.com/google/uuid v1.4.0/go.mod h1:TIyPZe4MgqvfeYDBFedMoGGpEw/LqOeaOT+nhxU+yHo=
